
Microsoft Visual Studio Solution File, Format Version 12.00
# Visual Studio 15
VisualStudioVersion = 15.0.28010.2041
MinimumVisualStudioVersion = 10.0.40219.1
Project("{9A19103F-16F7-4668-BE54-9A1E7A4F7556}") = "Redis.Stu.Web", "Redis.Stu.Web\Redis.Stu.Web.csproj", "{C9A41C7F-1738-49F2-AE5C-74E06CBA5B2A}"
EndProject
Project("{9A19103F-16F7-4668-BE54-9A1E7A4F7556}") = "Redis.Stu.Repository", "Redis.Stu.Repository\Redis.Stu.Repository.csproj", "{F1D5FDBE-C526-47C4-BE35-DB51AA08DE93}"
EndProject
Project("{9A19103F-16F7-4668-BE54-9A1E7A4F7556}") = "Redis.Stu.Model", "Redis.Stu.Model\Redis.Stu.Model.csproj", "{43A4E9F7-8026-4F50-B147-6EA39ECFD62A}"
EndProject
Project("{9A19103F-16F7-4668-BE54-9A1E7A4F7556}") = "Redis.Stu.Common", "Redis.Stu.Common\Redis.Stu.Common.csproj", "{74E28BFC-14A8-4106-B914-327E5A35602A}"
EndProject
Global
	GlobalSection(SolutionConfigurationPlatforms) = preSolution
		Debug|Any CPU = Debug|Any CPU
		Release|Any CPU = Release|Any CPU
	EndGlobalSection
	GlobalSection(ProjectConfigurationPlatforms) = postSolution
		{C9A41C7F-1738-49F2-AE5C-74E06CBA5B2A}.Debug|Any CPU.ActiveCfg = Debug|Any CPU
		{C9A41C7F-1738-49F2-AE5C-74E06CBA5B2A}.Debug|Any CPU.Build.0 = Debug|Any CPU
		{C9A41C7F-1738-49F2-AE5C-74E06CBA5B2A}.Release|Any CPU.ActiveCfg = Release|Any CPU
		{C9A41C7F-1738-49F2-AE5C-74E06CBA5B2A}.Release|Any CPU.Build.0 = Release|Any CPU
		{F1D5FDBE-C526-47C4-BE35-DB51AA08DE93}.Debug|Any CPU.ActiveCfg = Debug|Any CPU
		{F1D5FDBE-C526-47C4-BE35-DB51AA08DE93}.Debug|Any CPU.Build.0 = Debug|Any CPU
		{F1D5FDBE-C526-47C4-BE35-DB51AA08DE93}.Release|Any CPU.ActiveCfg = Release|Any CPU
		{F1D5FDBE-C526-47C4-BE35-DB51AA08DE93}.Release|Any CPU.Build.0 = Release|Any CPU
		{43A4E9F7-8026-4F50-B147-6EA39ECFD62A}.Debug|Any CPU.ActiveCfg = Debug|Any CPU
		{43A4E9F7-8026-4F50-B147-6EA39ECFD62A}.Debug|Any CPU.Build.0 = Debug|Any CPU
		{43A4E9F7-8026-4F50-B147-6EA39ECFD62A}.Release|Any CPU.ActiveCfg = Release|Any CPU
		{43A4E9F7-8026-4F50-B147-6EA39ECFD62A}.Release|Any CPU.Build.0 = Release|Any CPU
		{74E28BFC-14A8-4106-B914-327E5A35602A}.Debug|Any CPU.ActiveCfg = Debug|Any CPU
		{74E28BFC-14A8-4106-B914-327E5A35602A}.Debug|Any CPU.Build.0 = Debug|Any CPU
		{74E28BFC-14A8-4106-B914-327E5A35602A}.Release|Any CPU.ActiveCfg = Release|Any CPU
		{74E28BFC-14A8-4106-B914-327E5A35602A}.Release|Any CPU.Build.0 = Release|Any CPU
	EndGlobalSection
	GlobalSection(SolutionProperties) = preSolution
		HideSolutionNode = FALSE
	EndGlobalSection
	GlobalSection(ExtensibilityGlobals) = postSolution
		SolutionGuid = {13E1469B-8BD4-4A88-AB0C-C0BDA0FFD846}
	EndGlobalSection
EndGlobal
